{
  "projects": [
    {
      "projectId": "azF35EuXw5SZ4Jv8p99ibf",
      "version": "latest",
      "dependencies": {},
      "lang": "ts",
      "fileLocks": [
        {
          "type": "globalVariant",
          "assetId": "PXUorYuOGNZrrY",
          "checksum": "c50e065d1a371639caa0b5711eaf2f38"
        },
        {
          "assetId": "azF35EuXw5SZ4Jv8p99ibf",
          "type": "projectCss",
          "checksum": "9cf57f244d46ecf9076879f6507f352d"
        },
        {
          "type": "renderModule",
          "assetId": "rCzjf2Gy3anKu",
          "checksum": "21be2b1eb86413aeda1c68b728536558"
        },
        {
          "type": "cssRules",
          "assetId": "rCzjf2Gy3anKu",
          "checksum": "21be2b1eb86413aeda1c68b728536558"
        },
        {
          "type": "renderModule",
          "assetId": "32X8wel5sZgdM",
          "checksum": "2a432f3f45fc0429b29019b2082513a0"
        },
        {
          "type": "cssRules",
          "assetId": "32X8wel5sZgdM",
          "checksum": "2a432f3f45fc0429b29019b2082513a0"
        },
        {
          "type": "renderModule",
          "assetId": "ocJmQtBpN4cgT",
          "checksum": "460a15b7700366937679949ba8eabbf9"
        },
        {
          "type": "cssRules",
          "assetId": "ocJmQtBpN4cgT",
          "checksum": "460a15b7700366937679949ba8eabbf9"
        },
        {
          "type": "renderModule",
          "assetId": "SucKEMjaz479Sp",
          "checksum": "599972f7d3dd780166512fb3aefc43f4"
        },
        {
          "type": "cssRules",
          "assetId": "SucKEMjaz479Sp",
          "checksum": "599972f7d3dd780166512fb3aefc43f4"
        },
        {
          "type": "renderModule",
          "assetId": "1fSMINR9XAO9Pv",
          "checksum": "a62f972ace1c180f1bb4e2f3c0117931"
        },
        {
          "type": "cssRules",
          "assetId": "1fSMINR9XAO9Pv",
          "checksum": "a62f972ace1c180f1bb4e2f3c0117931"
        },
        {
          "type": "renderModule",
          "assetId": "KL-2YvVqLud0Ze",
          "checksum": "b66be695d937ac9c913109d40e312f71"
        },
        {
          "type": "cssRules",
          "assetId": "KL-2YvVqLud0Ze",
          "checksum": "b66be695d937ac9c913109d40e312f71"
        },
        {
          "type": "renderModule",
          "assetId": "Bg1EvySP_qw11c",
          "checksum": "68f950dad1d892170defdcf066f47d99"
        },
        {
          "type": "cssRules",
          "assetId": "Bg1EvySP_qw11c",
          "checksum": "68f950dad1d892170defdcf066f47d99"
        },
        {
          "type": "renderModule",
          "assetId": "sTYW0iI3d8L0SZ",
          "checksum": "46855b90c91a019b288d959c27b87b55"
        },
        {
          "type": "cssRules",
          "assetId": "sTYW0iI3d8L0SZ",
          "checksum": "46855b90c91a019b288d959c27b87b55"
        },
        {
          "type": "renderModule",
          "assetId": "HQ5pkoEtiEXKdF",
          "checksum": "2537e62026fa96f4a0213ebabcece0b0"
        },
        {
          "type": "cssRules",
          "assetId": "HQ5pkoEtiEXKdF",
          "checksum": "2537e62026fa96f4a0213ebabcece0b0"
        },
        {
          "type": "renderModule",
          "assetId": "VaSCgwWQs1GTiT",
          "checksum": "bd9f11452cf2a049a0475252c8ba266b"
        },
        {
          "type": "cssRules",
          "assetId": "VaSCgwWQs1GTiT",
          "checksum": "bd9f11452cf2a049a0475252c8ba266b"
        },
        {
          "type": "renderModule",
          "assetId": "2IKUaPg-aMKIJD",
          "checksum": "d80df18d11edf88628cee0e8a5689302"
        },
        {
          "type": "cssRules",
          "assetId": "2IKUaPg-aMKIJD",
          "checksum": "d80df18d11edf88628cee0e8a5689302"
        },
        {
          "type": "icon",
          "assetId": "sBx7L-FqYpSp37",
          "checksum": "c7d81b1a522a1b829a34f22dfec5b34a"
        },
        {
          "type": "icon",
          "assetId": "6aY64C8c1SQFHJ",
          "checksum": "af60188bd1c2aab6d1b32346d045bc6d"
        },
        {
          "type": "icon",
          "assetId": "twWRykoQML6VYi",
          "checksum": "6e71a86252e98a30956388bc3da32105"
        },
        {
          "type": "icon",
          "assetId": "OEQuT6n0CiU60-",
          "checksum": "23b148828fa62b5ac004a8e90f51be5d"
        },
        {
          "type": "icon",
          "assetId": "RkgK_5SQN_xmfe",
          "checksum": "1b4f8fa84316a8a7f4b72098bbef2031"
        },
        {
          "type": "icon",
          "assetId": "agv0WygJgjtQyE",
          "checksum": "5e85a055083129d6cd112e74e77ea99a"
        },
        {
          "type": "icon",
          "assetId": "fjaDgRiEffmz55",
          "checksum": "99ac8657cc5c552f613b50bd5cfd969d"
        },
        {
          "type": "icon",
          "assetId": "7NJwljdfHIINio",
          "checksum": "7c898c275582fef312566c1da9511e05"
        },
        {
          "type": "icon",
          "assetId": "4Ytb-m1AzOP9xO",
          "checksum": "1b8ae27ed1ca0cf3b8352a8c3c445ecb"
        },
        {
          "type": "image",
          "assetId": "pUEPu-_KEvkq4Y",
          "checksum": "b7b6e75400fc0c46cac0b9294022bfe3"
        },
        {
          "type": "image",
          "assetId": "WGgx_t-XrKWvMO",
          "checksum": "8ae4934ffb4325aed10a0951cb92d8f3"
        },
        {
          "type": "image",
          "assetId": "qi2reQeK6umzhE",
          "checksum": "3007498a341e702f1ea01ac0057ecec3"
        },
        {
          "type": "image",
          "assetId": "aYl9YTfAL64n8Q",
          "checksum": "40eaba200ccbf57d42c4bb933b0b9ce2"
        },
        {
          "type": "image",
          "assetId": "KCNxMsUoYL2ekK",
          "checksum": "9ecff5135a32333cf6a47eebf2e8fbea"
        },
        {
          "type": "image",
          "assetId": "r6SoxajGbDTi7f",
          "checksum": "545d27018fbefc98fe2702a91dab50e2"
        },
        {
          "type": "image",
          "assetId": "UyJcZUImg8YzAn",
          "checksum": "b52cf50fba3f2faab4a542bcf35490c5"
        },
        {
          "type": "image",
          "assetId": "0tCifc4MJD9hkG",
          "checksum": "58da57c5ff77f258916df75afba8357c"
        },
        {
          "type": "image",
          "assetId": "AJIGWt-TasmMU9",
          "checksum": "098e7d20bd9921463070827cf99edba7"
        },
        {
          "type": "image",
          "assetId": "hMdDxOSLXEKv2H",
          "checksum": "af40691ac84bd432fe678bffe7ecb0a2"
        },
        {
          "type": "image",
          "assetId": "ik8bMWskRXd6z-",
          "checksum": "9e17a1e41043ea7457b1eba1e6930675"
        },
        {
          "type": "image",
          "assetId": "3f-WyZj8x51Ds-",
          "checksum": "b8878f240a14175eb843ba14d8481653"
        },
        {
          "type": "image",
          "assetId": "L_sbLBsM2sfjv6",
          "checksum": "b883531e73168d3d81b6ea04c7767c91"
        },
        {
          "type": "image",
          "assetId": "9gzC4W0okJhrsn",
          "checksum": "42a94367f5cea64c8c9a8db0b4f31cbf"
        },
        {
          "type": "image",
          "assetId": "IIrZONtG-3LZCK",
          "checksum": "6a908a767cb4fa96187bb9de64e9c695"
        },
        {
          "type": "image",
          "assetId": "qHdaH8F25erMfv",
          "checksum": "189992191b3e074dcab9ac7ebfda2412"
        },
        {
          "type": "image",
          "assetId": "D2csxJvnQ3F05d",
          "checksum": "bece6b686c693bf7543c72d1487d6447"
        },
        {
          "type": "image",
          "assetId": "GVza5WAF-wNgv6",
          "checksum": "22e1f0f86c7fa5195363b9e553c66698"
        },
        {
          "type": "image",
          "assetId": "7OEltlalS6abbB",
          "checksum": "fc427bfde8a3f62f7b9457e938d387f3"
        },
        {
          "type": "image",
          "assetId": "yR8qRVsntEusbV",
          "checksum": "f94f77c4c2108eec63b0113cd2b5af64"
        },
        {
          "type": "image",
          "assetId": "QKrs1qfiRTP8GI",
          "checksum": "2bd4b1ace94f1bd284fcaaf1d376d570"
        },
        {
          "type": "image",
          "assetId": "RWibVXVHWe3NMV",
          "checksum": "8df8bb2f574ac09c7008d6ec37423346"
        },
        {
          "type": "image",
          "assetId": "8kjvO88Tw-832S",
          "checksum": "d5610b49deaf82bf50ffe40a184c137c"
        },
        {
          "type": "image",
          "assetId": "bxBGaKOKIby2gd",
          "checksum": "008998288f2bda72d576bda816a40b97"
        },
        {
          "type": "image",
          "assetId": "uBwebbpZhhC_n9",
          "checksum": "12708441a424f51f82018306b02f4274"
        },
        {
          "type": "image",
          "assetId": "a46k0XV_Vibe3c",
          "checksum": "7ba04f72d97471932036b1cd47efc816"
        },
        {
          "type": "image",
          "assetId": "sIl5NvMgBvsetY",
          "checksum": "a022bcdee129a4e6f80001f367334451"
        },
        {
          "type": "image",
          "assetId": "4L6fqVXOIpIiU7",
          "checksum": "0d4ea6f8ffeed7c35ebe311705a95f4c"
        },
        {
          "type": "image",
          "assetId": "qJ3UE31Nge9kM9",
          "checksum": "669ce3268f57bf5e6f17df33ab4c1210"
        },
        {
          "type": "image",
          "assetId": "KU4paNzp0JlkJv",
          "checksum": "e8fe46c6b4b7e2a3d99b8b5ab12fae85"
        },
        {
          "type": "image",
          "assetId": "OtSGLttoyUYeWv",
          "checksum": "e2e3f03129737d17e2818b1f76669b13"
        },
        {
          "type": "image",
          "assetId": "eXG8w1QdFGWiTD",
          "checksum": "ccbf7945fce23082d88d26f2139d7688"
        },
        {
          "type": "image",
          "assetId": "FHg-Tf-mlkOGcL",
          "checksum": "507610151097d6d16070d8b2cacfe1ad"
        },
        {
          "type": "image",
          "assetId": "9kdLACuZbGiR-D",
          "checksum": "eb0351a0a587e039262ff31735ef6904"
        },
        {
          "type": "image",
          "assetId": "gwITq-V-WUXyvg",
          "checksum": "14348ef818f8f95f4775a4ce6f7898cf"
        },
        {
          "type": "image",
          "assetId": "w2uO0c0qrZK8O8",
          "checksum": "9cb60c90b35bc77ba41f336c4d040a6d"
        },
        {
          "type": "image",
          "assetId": "c4_Dq1mPiVdpX1",
          "checksum": "10b6cb73aad16ae470695561f287259c"
        }
      ],
      "codegenVersion": "0.0.1"
    }
  ],
  "cliVersion": "0.1.231"
}
